// !$*UTF8*$!
{
	archiveVersion = 1;
	classes = {
	};
	objectVersion = 50;
	objects = {

/* Begin PBXBuildFile section */
		440573522310CEB900F4A258 /* FLPADViewController.m in Sources */ = {isa = PBXBuildFile; fileRef = 440573502310CEB900F4A258 /* FLPADViewController.m */; };
		440573532310CEB900F4A258 /* FLPADViewController.xib in Resources */ = {isa = PBXBuildFile; fileRef = 440573512310CEB900F4A258 /* FLPADViewController.xib */; };
		4405735C2310D0B100F4A258 /* LaunchImage@2x.png in Resources */ = {isa = PBXBuildFile; fileRef = 440573552310D0B000F4A258 /* LaunchImage@2x.png */; };
		4405735D2310D0B100F4A258 /* LaunchImage-568h@2x.png in Resources */ = {isa = PBXBuildFile; fileRef = 440573562310D0B000F4A258 /* LaunchImage-568h@2x.png */; };
		4405735E2310D0B100F4A258 /* LaunchImage-800-667h@2x.png in Resources */ = {isa = PBXBuildFile; fileRef = 440573572310D0B000F4A258 /* LaunchImage-800-667h@2x.png */; };
		4405735F2310D0B100F4A258 /* LaunchImage-800-Portrait-736h@3x.png in Resources */ = {isa = PBXBuildFile; fileRef = 440573582310D0B000F4A258 /* LaunchImage-800-Portrait-736h@3x.png */; };
		440573602310D0B100F4A258 /* LaunchImage-700@2x.png in Resources */ = {isa = PBXBuildFile; fileRef = 440573592310D0B000F4A258 /* LaunchImage-700@2x.png */; };
		440573612310D0B100F4A258 /* LaunchImage-700-568h@2x.png in Resources */ = {isa = PBXBuildFile; fileRef = 4405735A2310D0B000F4A258 /* LaunchImage-700-568h@2x.png */; };
		440573622310D0B100F4A258 /* LaunchImage.png in Resources */ = {isa = PBXBuildFile; fileRef = 4405735B2310D0B000F4A258 /* LaunchImage.png */; };
		444E6933230F94CD00EE32E4 /* FLPTabBar.m in Sources */ = {isa = PBXBuildFile; fileRef = 444E6932230F94CD00EE32E4 /* FLPTabBar.m */; };
		444E6936230FBBCE00EE32E4 /* UIView+Frame.m in Sources */ = {isa = PBXBuildFile; fileRef = 444E6934230FBBCD00EE32E4 /* UIView+Frame.m */; };
		444E693A230FC98E00EE32E4 /* UIBarButtonItem+Item.m in Sources */ = {isa = PBXBuildFile; fileRef = 444E6939230FC98E00EE32E4 /* UIBarButtonItem+Item.m */; };
		444E6941230FE8D700EE32E4 /* FLPNavigationController.m in Sources */ = {isa = PBXBuildFile; fileRef = 444E6940230FE8D700EE32E4 /* FLPNavigationController.m */; };
		444E6944230FF9EA00EE32E4 /* FLPSettingViewController.m in Sources */ = {isa = PBXBuildFile; fileRef = 444E6943230FF9EA00EE32E4 /* FLPSettingViewController.m */; };
		44B7DE80230E614B0075EB4C /* Assets.xcassets in Resources */ = {isa = PBXBuildFile; fileRef = 44B7DE7F230E614B0075EB4C /* Assets.xcassets */; };
		44B7DE83230E614B0075EB4C /* LaunchScreen.storyboard in Resources */ = {isa = PBXBuildFile; fileRef = 44B7DE81230E614B0075EB4C /* LaunchScreen.storyboard */; };
		44B7DE8D230E6A3C0075EB4C /* 笔记.rtf in Resources */ = {isa = PBXBuildFile; fileRef = 44B7DE8C230E6A3C0075EB4C /* 笔记.rtf */; };
		44B7DEA7230E7A350075EB4C /* main.m in Sources */ = {isa = PBXBuildFile; fileRef = 44B7DE99230E7A350075EB4C /* main.m */; };
		44B7DEA8230E7A350075EB4C /* AppDelegate.m in Sources */ = {isa = PBXBuildFile; fileRef = 44B7DE9A230E7A350075EB4C /* AppDelegate.m */; };
		44B7DEAB230E84180075EB4C /* FLPEssenceViewController.m in Sources */ = {isa = PBXBuildFile; fileRef = 44B7DEAA230E84180075EB4C /* FLPEssenceViewController.m */; };
		44B7DEB2230E84540075EB4C /* FLPNewViewController.m in Sources */ = {isa = PBXBuildFile; fileRef = 44B7DEB1230E84540075EB4C /* FLPNewViewController.m */; };
		44B7DEB5230E84620075EB4C /* FLPPublicViewController.m in Sources */ = {isa = PBXBuildFile; fileRef = 44B7DEB4230E84620075EB4C /* FLPPublicViewController.m */; };
		44B7DEB8230E846C0075EB4C /* FLPFriendTrendsViewController.m in Sources */ = {isa = PBXBuildFile; fileRef = 44B7DEB7230E846C0075EB4C /* FLPFriendTrendsViewController.m */; };
		44B7DEBE230E873A0075EB4C /* FLPMeViewController.m in Sources */ = {isa = PBXBuildFile; fileRef = 44B7DEBD230E873A0075EB4C /* FLPMeViewController.m */; };
		44B7DEC5230E9AD70075EB4C /* FLPTabBarController.m in Sources */ = {isa = PBXBuildFile; fileRef = 44B7DEC4230E9AD70075EB4C /* FLPTabBarController.m */; };
		44B7DEC9230EA1860075EB4C /* UIImage+FLPImage.m in Sources */ = {isa = PBXBuildFile; fileRef = 44B7DEC8230EA1860075EB4C /* UIImage+FLPImage.m */; };
		61FCCAA6D28FA674D14C9726 /* libPods-BuDeJie.a in Frameworks */ = {isa = PBXBuildFile; fileRef = F91EBF08A65CE6F4E92DFF8B /* libPods-BuDeJie.a */; };
/* End PBXBuildFile section */

/* Begin PBXFileReference section */
		31A60B3411179F9E23B18949 /* Pods-BuDeJie.release.xcconfig */ = {isa = PBXFileReference; includeInIndex = 1; lastKnownFileType = text.xcconfig; name = "Pods-BuDeJie.release.xcconfig"; path = "Target Support Files/Pods-BuDeJie/Pods-BuDeJie.release.xcconfig"; sourceTree = "<group>"; };
		4405734F2310CEB900F4A258 /* FLPADViewController.h */ = {isa = PBXFileReference; lastKnownFileType = sourcecode.c.h; path = FLPADViewController.h; sourceTree = "<group>"; };
		440573502310CEB900F4A258 /* FLPADViewController.m */ = {isa = PBXFileReference; lastKnownFileType = sourcecode.c.objc; path = FLPADViewController.m; sourceTree = "<group>"; };
		440573512310CEB900F4A258 /* FLPADViewController.xib */ = {isa = PBXFileReference; lastKnownFileType = file.xib; path = FLPADViewController.xib; sourceTree = "<group>"; };
		440573552310D0B000F4A258 /* LaunchImage@2x.png */ = {isa = PBXFileReference; lastKnownFileType = image.png; path = "LaunchImage@2x.png"; sourceTree = "<group>"; };
		440573562310D0B000F4A258 /* LaunchImage-568h@2x.png */ = {isa = PBXFileReference; lastKnownFileType = image.png; path = "LaunchImage-568h@2x.png"; sourceTree = "<group>"; };
		440573572310D0B000F4A258 /* LaunchImage-800-667h@2x.png */ = {isa = PBXFileReference; lastKnownFileType = image.png; path = "LaunchImage-800-667h@2x.png"; sourceTree = "<group>"; };
		440573582310D0B000F4A258 /* LaunchImage-800-Portrait-736h@3x.png */ = {isa = PBXFileReference; lastKnownFileType = image.png; path = "LaunchImage-800-Portrait-736h@3x.png"; sourceTree = "<group>"; };
		440573592310D0B000F4A258 /* LaunchImage-700@2x.png */ = {isa = PBXFileReference; lastKnownFileType = image.png; path = "LaunchImage-700@2x.png"; sourceTree = "<group>"; };
		4405735A2310D0B000F4A258 /* LaunchImage-700-568h@2x.png */ = {isa = PBXFileReference; lastKnownFileType = image.png; path = "LaunchImage-700-568h@2x.png"; sourceTree = "<group>"; };
		4405735B2310D0B000F4A258 /* LaunchImage.png */ = {isa = PBXFileReference; lastKnownFileType = image.png; path = LaunchImage.png; sourceTree = "<group>"; };
		444E6931230F94CD00EE32E4 /* FLPTabBar.h */ = {isa = PBXFileReference; lastKnownFileType = sourcecode.c.h; path = FLPTabBar.h; sourceTree = "<group>"; };
		444E6932230F94CD00EE32E4 /* FLPTabBar.m */ = {isa = PBXFileReference; lastKnownFileType = sourcecode.c.objc; path = FLPTabBar.m; sourceTree = "<group>"; };
		444E6934230FBBCD00EE32E4 /* UIView+Frame.m */ = {isa = PBXFileReference; fileEncoding = 4; lastKnownFileType = sourcecode.c.objc; path = "UIView+Frame.m"; sourceTree = "<group>"; };
		444E6935230FBBCE00EE32E4 /* UIView+Frame.h */ = {isa = PBXFileReference; fileEncoding = 4; lastKnownFileType = sourcecode.c.h; path = "UIView+Frame.h"; sourceTree = "<group>"; };
		444E6937230FBDF000EE32E4 /* BuDeJie.pch */ = {isa = PBXFileReference; lastKnownFileType = sourcecode.c.h; path = BuDeJie.pch; sourceTree = "<group>"; };
		444E6938230FC98E00EE32E4 /* UIBarButtonItem+Item.h */ = {isa = PBXFileReference; lastKnownFileType = sourcecode.c.h; path = "UIBarButtonItem+Item.h"; sourceTree = "<group>"; };
		444E6939230FC98E00EE32E4 /* UIBarButtonItem+Item.m */ = {isa = PBXFileReference; lastKnownFileType = sourcecode.c.objc; path = "UIBarButtonItem+Item.m"; sourceTree = "<group>"; };
		444E693F230FE8D700EE32E4 /* FLPNavigationController.h */ = {isa = PBXFileReference; lastKnownFileType = sourcecode.c.h; path = FLPNavigationController.h; sourceTree = "<group>"; };
		444E6940230FE8D700EE32E4 /* FLPNavigationController.m */ = {isa = PBXFileReference; lastKnownFileType = sourcecode.c.objc; path = FLPNavigationController.m; sourceTree = "<group>"; };
		444E6942230FF9EA00EE32E4 /* FLPSettingViewController.h */ = {isa = PBXFileReference; lastKnownFileType = sourcecode.c.h; path = FLPSettingViewController.h; sourceTree = "<group>"; };
		444E6943230FF9EA00EE32E4 /* FLPSettingViewController.m */ = {isa = PBXFileReference; lastKnownFileType = sourcecode.c.objc; path = FLPSettingViewController.m; sourceTree = "<group>"; };
		44B7DE73230E61490075EB4C /* BuDeJie.app */ = {isa = PBXFileReference; explicitFileType = wrapper.application; includeInIndex = 0; path = BuDeJie.app; sourceTree = BUILT_PRODUCTS_DIR; };
		44B7DE7F230E614B0075EB4C /* Assets.xcassets */ = {isa = PBXFileReference; lastKnownFileType = folder.assetcatalog; path = Assets.xcassets; sourceTree = "<group>"; };
		44B7DE82230E614B0075EB4C /* Base */ = {isa = PBXFileReference; lastKnownFileType = file.storyboard; name = Base; path = Base.lproj/LaunchScreen.storyboard; sourceTree = "<group>"; };
		44B7DE84230E614B0075EB4C /* Info.plist */ = {isa = PBXFileReference; lastKnownFileType = text.plist.xml; path = Info.plist; sourceTree = "<group>"; };
		44B7DE8C230E6A3C0075EB4C /* 笔记.rtf */ = {isa = PBXFileReference; lastKnownFileType = text.rtf; path = "笔记.rtf"; sourceTree = "<group>"; };
		44B7DE98230E7A350075EB4C /* AppDelegate.h */ = {isa = PBXFileReference; fileEncoding = 4; lastKnownFileType = sourcecode.c.h; path = AppDelegate.h; sourceTree = "<group>"; };
		44B7DE99230E7A350075EB4C /* main.m */ = {isa = PBXFileReference; fileEncoding = 4; lastKnownFileType = sourcecode.c.objc; path = main.m; sourceTree = "<group>"; };
		44B7DE9A230E7A350075EB4C /* AppDelegate.m */ = {isa = PBXFileReference; fileEncoding = 4; lastKnownFileType = sourcecode.c.objc; path = AppDelegate.m; sourceTree = "<group>"; };
		44B7DEA9230E84180075EB4C /* FLPEssenceViewController.h */ = {isa = PBXFileReference; lastKnownFileType = sourcecode.c.h; path = FLPEssenceViewController.h; sourceTree = "<group>"; };
		44B7DEAA230E84180075EB4C /* FLPEssenceViewController.m */ = {isa = PBXFileReference; lastKnownFileType = sourcecode.c.objc; path = FLPEssenceViewController.m; sourceTree = "<group>"; };
		44B7DEB0230E84540075EB4C /* FLPNewViewController.h */ = {isa = PBXFileReference; lastKnownFileType = sourcecode.c.h; path = FLPNewViewController.h; sourceTree = "<group>"; };
		44B7DEB1230E84540075EB4C /* FLPNewViewController.m */ = {isa = PBXFileReference; lastKnownFileType = sourcecode.c.objc; path = FLPNewViewController.m; sourceTree = "<group>"; };
		44B7DEB3230E84620075EB4C /* FLPPublicViewController.h */ = {isa = PBXFileReference; lastKnownFileType = sourcecode.c.h; path = FLPPublicViewController.h; sourceTree = "<group>"; };
		44B7DEB4230E84620075EB4C /* FLPPublicViewController.m */ = {isa = PBXFileReference; lastKnownFileType = sourcecode.c.objc; path = FLPPublicViewController.m; sourceTree = "<group>"; };
		44B7DEB6230E846C0075EB4C /* FLPFriendTrendsViewController.h */ = {isa = PBXFileReference; lastKnownFileType = sourcecode.c.h; path = FLPFriendTrendsViewController.h; sourceTree = "<group>"; };
		44B7DEB7230E846C0075EB4C /* FLPFriendTrendsViewController.m */ = {isa = PBXFileReference; lastKnownFileType = sourcecode.c.objc; path = FLPFriendTrendsViewController.m; sourceTree = "<group>"; };
		44B7DEBC230E873A0075EB4C /* FLPMeViewController.h */ = {isa = PBXFileReference; lastKnownFileType = sourcecode.c.h; path = FLPMeViewController.h; sourceTree = "<group>"; };
		44B7DEBD230E873A0075EB4C /* FLPMeViewController.m */ = {isa = PBXFileReference; lastKnownFileType = sourcecode.c.objc; path = FLPMeViewController.m; sourceTree = "<group>"; };
		44B7DEC3230E9AD70075EB4C /* FLPTabBarController.h */ = {isa = PBXFileReference; lastKnownFileType = sourcecode.c.h; path = FLPTabBarController.h; sourceTree = "<group>"; };
		44B7DEC4230E9AD70075EB4C /* FLPTabBarController.m */ = {isa = PBXFileReference; lastKnownFileType = sourcecode.c.objc; path = FLPTabBarController.m; sourceTree = "<group>"; };
		44B7DEC7230EA1860075EB4C /* UIImage+FLPImage.h */ = {isa = PBXFileReference; lastKnownFileType = sourcecode.c.h; path = "UIImage+FLPImage.h"; sourceTree = "<group>"; };
		44B7DEC8230EA1860075EB4C /* UIImage+FLPImage.m */ = {isa = PBXFileReference; lastKnownFileType = sourcecode.c.objc; path = "UIImage+FLPImage.m"; sourceTree = "<group>"; };
		C37A1C82E42293138ABEEF5A /* Pods-BuDeJie.debug.xcconfig */ = {isa = PBXFileReference; includeInIndex = 1; lastKnownFileType = text.xcconfig; name = "Pods-BuDeJie.debug.xcconfig"; path = "Target Support Files/Pods-BuDeJie/Pods-BuDeJie.debug.xcconfig"; sourceTree = "<group>"; };
		F91EBF08A65CE6F4E92DFF8B /* libPods-BuDeJie.a */ = {isa = PBXFileReference; explicitFileType = archive.ar; includeInIndex = 0; path = "libPods-BuDeJie.a"; sourceTree = BUILT_PRODUCTS_DIR; };
/* End PBXFileReference section */

/* Begin PBXFrameworksBuildPhase section */
		44B7DE70230E61490075EB4C /* Frameworks */ = {
			isa = PBXFrameworksBuildPhase;
			buildActionMask = 2147483647;
			files = (
				61FCCAA6D28FA674D14C9726 /* libPods-BuDeJie.a in Frameworks */,
			);
			runOnlyForDeploymentPostprocessing = 0;
		};
/* End PBXFrameworksBuildPhase section */

/* Begin PBXGroup section */
		440573482310CE7A00F4A258 /* AD(广告) */ = {
			isa = PBXGroup;
			children = (
				440573492310CE7A00F4A258 /* Controller */,
				4405734A2310CE7A00F4A258 /* Model */,
				4405734B2310CE7A00F4A258 /* View */,
			);
			path = "AD(广告)";
			sourceTree = "<group>";
		};
		440573492310CE7A00F4A258 /* Controller */ = {
			isa = PBXGroup;
			children = (
				4405734F2310CEB900F4A258 /* FLPADViewController.h */,
				440573502310CEB900F4A258 /* FLPADViewController.m */,
				440573512310CEB900F4A258 /* FLPADViewController.xib */,
			);
			path = Controller;
			sourceTree = "<group>";
		};
		4405734A2310CE7A00F4A258 /* Model */ = {
			isa = PBXGroup;
			children = (
			);
			path = Model;
			sourceTree = "<group>";
		};
		4405734B2310CE7A00F4A258 /* View */ = {
			isa = PBXGroup;
			children = (
			);
			path = View;
			sourceTree = "<group>";
		};
		440573542310D0B000F4A258 /* 启动图片 */ = {
			isa = PBXGroup;
			children = (
				440573552310D0B000F4A258 /* LaunchImage@2x.png */,
				440573562310D0B000F4A258 /* LaunchImage-568h@2x.png */,
				440573572310D0B000F4A258 /* LaunchImage-800-667h@2x.png */,
				440573582310D0B000F4A258 /* LaunchImage-800-Portrait-736h@3x.png */,
				440573592310D0B000F4A258 /* LaunchImage-700@2x.png */,
				4405735A2310D0B000F4A258 /* LaunchImage-700-568h@2x.png */,
				4405735B2310D0B000F4A258 /* LaunchImage.png */,
			);
			path = "启动图片";
			sourceTree = "<group>";
		};
		444E693B230FDE6C00EE32E4 /* Setting */ = {
			isa = PBXGroup;
			children = (
				444E693C230FDE6C00EE32E4 /* Controller */,
				444E693D230FDE6C00EE32E4 /* Model */,
				444E693E230FDE6C00EE32E4 /* View */,
			);
			path = Setting;
			sourceTree = "<group>";
		};
		444E693C230FDE6C00EE32E4 /* Controller */ = {
			isa = PBXGroup;
			children = (
				444E6942230FF9EA00EE32E4 /* FLPSettingViewController.h */,
				444E6943230FF9EA00EE32E4 /* FLPSettingViewController.m */,
			);
			path = Controller;
			sourceTree = "<group>";
		};
		444E693D230FDE6C00EE32E4 /* Model */ = {
			isa = PBXGroup;
			children = (
			);
			path = Model;
			sourceTree = "<group>";
		};
		444E693E230FDE6C00EE32E4 /* View */ = {
			isa = PBXGroup;
			children = (
			);
			path = View;
			sourceTree = "<group>";
		};
		44B7DE6A230E61490075EB4C = {
			isa = PBXGroup;
			children = (
				44B7DE75230E61490075EB4C /* BuDeJie */,
				44B7DE74230E61490075EB4C /* Products */,
				CBC5E47B695B4B68232B804E /* Pods */,
				7F6095AB15DE8D3AAC3E03B3 /* Frameworks */,
			);
			sourceTree = "<group>";
		};
		44B7DE74230E61490075EB4C /* Products */ = {
			isa = PBXGroup;
			children = (
				44B7DE73230E61490075EB4C /* BuDeJie.app */,
			);
			name = Products;
			sourceTree = "<group>";
		};
		44B7DE75230E61490075EB4C /* BuDeJie */ = {
			isa = PBXGroup;
			children = (
				44B7DE8E230E7A350075EB4C /* Classes */,
				44B7DE7F230E614B0075EB4C /* Assets.xcassets */,
				44B7DE81230E614B0075EB4C /* LaunchScreen.storyboard */,
				44B7DE84230E614B0075EB4C /* Info.plist */,
				44B7DE8C230E6A3C0075EB4C /* 笔记.rtf */,
				440573542310D0B000F4A258 /* 启动图片 */,
			);
			path = BuDeJie;
			sourceTree = "<group>";
		};
		44B7DE8E230E7A350075EB4C /* Classes */ = {
			isa = PBXGroup;
			children = (
				440573482310CE7A00F4A258 /* AD(广告) */,
				444E693B230FDE6C00EE32E4 /* Setting */,
				44B7DEBF230E9ABD0075EB4C /* Main(主要) */,
				44B7DEAC230E844E0075EB4C /* New(新帖) */,
				44B7DE8F230E7A350075EB4C /* Essence(精华) */,
				44B7DE9B230E7A350075EB4C /* Public(发布) */,
				44B7DE9F230E7A350075EB4C /* FriendTrends(关注) */,
				44B7DEA3230E7A350075EB4C /* Me(我) */,
				44B7DE97230E7A350075EB4C /* Other */,
			);
			path = Classes;
			sourceTree = "<group>";
		};
		44B7DE8F230E7A350075EB4C /* Essence(精华) */ = {
			isa = PBXGroup;
			children = (
				44B7DE90230E7A350075EB4C /* Controller */,
				44B7DE91230E7A350075EB4C /* Model */,
				44B7DE92230E7A350075EB4C /* View */,
			);
			path = "Essence(精华)";
			sourceTree = "<group>";
		};
		44B7DE90230E7A350075EB4C /* Controller */ = {
			isa = PBXGroup;
			children = (
				44B7DEA9230E84180075EB4C /* FLPEssenceViewController.h */,
				44B7DEAA230E84180075EB4C /* FLPEssenceViewController.m */,
			);
			path = Controller;
			sourceTree = "<group>";
		};
		44B7DE91230E7A350075EB4C /* Model */ = {
			isa = PBXGroup;
			children = (
			);
			path = Model;
			sourceTree = "<group>";
		};
		44B7DE92230E7A350075EB4C /* View */ = {
			isa = PBXGroup;
			children = (
			);
			path = View;
			sourceTree = "<group>";
		};
		44B7DE97230E7A350075EB4C /* Other */ = {
			isa = PBXGroup;
			children = (
				44B7DEC6230EA1510075EB4C /* Category */,
				44B7DE98230E7A350075EB4C /* AppDelegate.h */,
				44B7DE9A230E7A350075EB4C /* AppDelegate.m */,
				44B7DE99230E7A350075EB4C /* main.m */,
				444E6937230FBDF000EE32E4 /* BuDeJie.pch */,
			);
			path = Other;
			sourceTree = "<group>";
		};
		44B7DE9B230E7A350075EB4C /* Public(发布) */ = {
			isa = PBXGroup;
			children = (
				44B7DE9C230E7A350075EB4C /* Controller */,
				44B7DE9D230E7A350075EB4C /* Model */,
				44B7DE9E230E7A350075EB4C /* View */,
			);
			path = "Public(发布)";
			sourceTree = "<group>";
		};
		44B7DE9C230E7A350075EB4C /* Controller */ = {
			isa = PBXGroup;
			children = (
				44B7DEB3230E84620075EB4C /* FLPPublicViewController.h */,
				44B7DEB4230E84620075EB4C /* FLPPublicViewController.m */,
			);
			path = Controller;
			sourceTree = "<group>";
		};
		44B7DE9D230E7A350075EB4C /* Model */ = {
			isa = PBXGroup;
			children = (
			);
			path = Model;
			sourceTree = "<group>";
		};
		44B7DE9E230E7A350075EB4C /* View */ = {
			isa = PBXGroup;
			children = (
			);
			path = View;
			sourceTree = "<group>";
		};
		44B7DE9F230E7A350075EB4C /* FriendTrends(关注) */ = {
			isa = PBXGroup;
			children = (
				44B7DEA0230E7A350075EB4C /* Controller */,
				44B7DEA1230E7A350075EB4C /* Model */,
				44B7DEA2230E7A350075EB4C /* View */,
			);
			path = "FriendTrends(关注)";
			sourceTree = "<group>";
		};
		44B7DEA0230E7A350075EB4C /* Controller */ = {
			isa = PBXGroup;
			children = (
				44B7DEB6230E846C0075EB4C /* FLPFriendTrendsViewController.h */,
				44B7DEB7230E846C0075EB4C /* FLPFriendTrendsViewController.m */,
			);
			path = Controller;
			sourceTree = "<group>";
		};
		44B7DEA1230E7A350075EB4C /* Model */ = {
			isa = PBXGroup;
			children = (
			);
			path = Model;
			sourceTree = "<group>";
		};
		44B7DEA2230E7A350075EB4C /* View */ = {
			isa = PBXGroup;
			children = (
			);
			path = View;
			sourceTree = "<group>";
		};
		44B7DEA3230E7A350075EB4C /* Me(我) */ = {
			isa = PBXGroup;
			children = (
				44B7DEA4230E7A350075EB4C /* Controller */,
				44B7DEA5230E7A350075EB4C /* Model */,
				44B7DEA6230E7A350075EB4C /* View */,
			);
			path = "Me(我)";
			sourceTree = "<group>";
		};
		44B7DEA4230E7A350075EB4C /* Controller */ = {
			isa = PBXGroup;
			children = (
				44B7DEBC230E873A0075EB4C /* FLPMeViewController.h */,
				44B7DEBD230E873A0075EB4C /* FLPMeViewController.m */,
			);
			path = Controller;
			sourceTree = "<group>";
		};
		44B7DEA5230E7A350075EB4C /* Model */ = {
			isa = PBXGroup;
			children = (
			);
			path = Model;
			sourceTree = "<group>";
		};
		44B7DEA6230E7A350075EB4C /* View */ = {
			isa = PBXGroup;
			children = (
			);
			path = View;
			sourceTree = "<group>";
		};
		44B7DEAC230E844E0075EB4C /* New(新帖) */ = {
			isa = PBXGroup;
			children = (
				44B7DEAD230E844E0075EB4C /* Controller */,
				44B7DEAE230E844E0075EB4C /* Model */,
				44B7DEAF230E844E0075EB4C /* View */,
			);
			path = "New(新帖)";
			sourceTree = "<group>";
		};
		44B7DEAD230E844E0075EB4C /* Controller */ = {
			isa = PBXGroup;
			children = (
				44B7DEB0230E84540075EB4C /* FLPNewViewController.h */,
				44B7DEB1230E84540075EB4C /* FLPNewViewController.m */,
			);
			path = Controller;
			sourceTree = "<group>";
		};
		44B7DEAE230E844E0075EB4C /* Model */ = {
			isa = PBXGroup;
			children = (
			);
			path = Model;
			sourceTree = "<group>";
		};
		44B7DEAF230E844E0075EB4C /* View */ = {
			isa = PBXGroup;
			children = (
			);
			path = View;
			sourceTree = "<group>";
		};
		44B7DEBF230E9ABD0075EB4C /* Main(主要) */ = {
			isa = PBXGroup;
			children = (
				44B7DEC0230E9ABD0075EB4C /* Controller */,
				44B7DEC1230E9ABD0075EB4C /* Model */,
				44B7DEC2230E9ABD0075EB4C /* View */,
			);
			path = "Main(主要)";
			sourceTree = "<group>";
		};
		44B7DEC0230E9ABD0075EB4C /* Controller */ = {
			isa = PBXGroup;
			children = (
				44B7DEC3230E9AD70075EB4C /* FLPTabBarController.h */,
				44B7DEC4230E9AD70075EB4C /* FLPTabBarController.m */,
				444E693F230FE8D700EE32E4 /* FLPNavigationController.h */,
				444E6940230FE8D700EE32E4 /* FLPNavigationController.m */,
			);
			path = Controller;
			sourceTree = "<group>";
		};
		44B7DEC1230E9ABD0075EB4C /* Model */ = {
			isa = PBXGroup;
			children = (
			);
			path = Model;
			sourceTree = "<group>";
		};
		44B7DEC2230E9ABD0075EB4C /* View */ = {
			isa = PBXGroup;
			children = (
				444E6931230F94CD00EE32E4 /* FLPTabBar.h */,
				444E6932230F94CD00EE32E4 /* FLPTabBar.m */,
			);
			path = View;
			sourceTree = "<group>";
		};
		44B7DEC6230EA1510075EB4C /* Category */ = {
			isa = PBXGroup;
			children = (
				444E6935230FBBCE00EE32E4 /* UIView+Frame.h */,
				444E6934230FBBCD00EE32E4 /* UIView+Frame.m */,
				44B7DEC7230EA1860075EB4C /* UIImage+FLPImage.h */,
				44B7DEC8230EA1860075EB4C /* UIImage+FLPImage.m */,
				444E6938230FC98E00EE32E4 /* UIBarButtonItem+Item.h */,
				444E6939230FC98E00EE32E4 /* UIBarButtonItem+Item.m */,
			);
			path = Category;
			sourceTree = "<group>";
		};
		7F6095AB15DE8D3AAC3E03B3 /* Frameworks */ = {
			isa = PBXGroup;
			children = (
				F91EBF08A65CE6F4E92DFF8B /* libPods-BuDeJie.a */,
			);
			name = Frameworks;
			sourceTree = "<group>";
		};
		CBC5E47B695B4B68232B804E /* Pods */ = {
			isa = PBXGroup;
			children = (
				C37A1C82E42293138ABEEF5A /* Pods-BuDeJie.debug.xcconfig */,
				31A60B3411179F9E23B18949 /* Pods-BuDeJie.release.xcconfig */,
			);
			name = Pods;
			path = Pods;
			sourceTree = "<group>";
		};
/* End PBXGroup section */

/* Begin PBXNativeTarget section */
		44B7DE72230E61490075EB4C /* BuDeJie */ = {
			isa = PBXNativeTarget;
			buildConfigurationList = 44B7DE89230E614B0075EB4C /* Build configuration list for PBXNativeTarget "BuDeJie" */;
			buildPhases = (
				BFBA64A93913FFC88D6BEB9F /* [CP] Check Pods Manifest.lock */,
				44B7DE6F230E61490075EB4C /* Sources */,
				44B7DE70230E61490075EB4C /* Frameworks */,
				44B7DE71230E61490075EB4C /* Resources */,
				413091BB8D7430B358F003F5 /* [CP] Copy Pods Resources */,
			);
			buildRules = (
			);
			dependencies = (
			);
			name = BuDeJie;
			productName = BuDeJie;
			productReference = 44B7DE73230E61490075EB4C /* BuDeJie.app */;
			productType = "com.apple.product-type.application";
		};
/* End PBXNativeTarget section */

/* Begin PBXProject section */
		44B7DE6B230E61490075EB4C /* Project object */ = {
			isa = PBXProject;
			attributes = {
				CLASSPREFIX = FLP;
				LastUpgradeCheck = 1030;
				ORGANIZATIONNAME = "lipeng feng";
				TargetAttributes = {
					44B7DE72230E61490075EB4C = {
						CreatedOnToolsVersion = 10.3;
					};
				};
			};
			buildConfigurationList = 44B7DE6E230E61490075EB4C /* Build configuration list for PBXProject "BuDeJie" */;
			compatibilityVersion = "Xcode 9.3";
			developmentRegion = en;
			hasScannedForEncodings = 0;
			knownRegions = (
				en,
				Base,
			);
			mainGroup = 44B7DE6A230E61490075EB4C;
			productRefGroup = 44B7DE74230E61490075EB4C /* Products */;
			projectDirPath = "";
			projectRoot = "";
			targets = (
				44B7DE72230E61490075EB4C /* BuDeJie */,
			);
		};
/* End PBXProject section */

/* Begin PBXResourcesBuildPhase section */
		44B7DE71230E61490075EB4C /* Resources */ = {
			isa = PBXResourcesBuildPhase;
			buildActionMask = 2147483647;
			files = (
				44B7DE8D230E6A3C0075EB4C /* 笔记.rtf in Resources */,
				44B7DE83230E614B0075EB4C /* LaunchScreen.storyboard in Resources */,
				440573532310CEB900F4A258 /* FLPADViewController.xib in Resources */,
				44B7DE80230E614B0075EB4C /* Assets.xcassets in Resources */,
				4405735F2310D0B100F4A258 /* LaunchImage-800-Portrait-736h@3x.png in Resources */,
				4405735D2310D0B100F4A258 /* LaunchImage-568h@2x.png in Resources */,
				440573612310D0B100F4A258 /* LaunchImage-700-568h@2x.png in Resources */,
				440573602310D0B100F4A258 /* LaunchImage-700@2x.png in Resources */,
				4405735E2310D0B100F4A258 /* LaunchImage-800-667h@2x.png in Resources */,
				4405735C2310D0B100F4A258 /* LaunchImage@2x.png in Resources */,
				440573622310D0B100F4A258 /* LaunchImage.png in Resources */,
			);
			runOnlyForDeploymentPostprocessing = 0;
		};
/* End PBXResourcesBuildPhase section */

/* Begin PBXShellScriptBuildPhase section */
		413091BB8D7430B358F003F5 /* [CP] Copy Pods Resources */ = {
			isa = PBXShellScriptBuildPhase;
			buildActionMask = 2147483647;
			files = (
			);
			inputFileListPaths = (
			);
			inputPaths = (
				"${PODS_ROOT}/Target Support Files/Pods-BuDeJie/Pods-BuDeJie-resources.sh",
				"${PODS_ROOT}/MJRefresh/MJRefresh/MJRefresh.bundle",
			);
			name = "[CP] Copy Pods Resources";
			outputFileListPaths = (
			);
			outputPaths = (
				"${TARGET_BUILD_DIR}/${UNLOCALIZED_RESOURCES_FOLDER_PATH}/MJRefresh.bundle",
			);
			runOnlyForDeploymentPostprocessing = 0;
			shellPath = /bin/sh;
			shellScript = "\"${PODS_ROOT}/Target Support Files/Pods-BuDeJie/Pods-BuDeJie-resources.sh\"\n";
			showEnvVarsInLog = 0;
		};
		BFBA64A93913FFC88D6BEB9F /* [CP] Check Pods Manifest.lock */ = {
			isa = PBXShellScriptBuildPhase;
			buildActionMask = 2147483647;
			files = (
			);
			inputFileListPaths = (
			);
			inputPaths = (
				"${PODS_PODFILE_DIR_PATH}/Podfile.lock",
				"${PODS_ROOT}/Manifest.lock",
			);
			name = "[CP] Check Pods Manifest.lock";
			outputFileListPaths = (
			);
			outputPaths = (
				"$(DERIVED_FILE_DIR)/Pods-BuDeJie-checkManifestLockResult.txt",
			);
			runOnlyForDeploymentPostprocessing = 0;
			shellPath = /bin/sh;
			shellScript = "diff \"${PODS_PODFILE_DIR_PATH}/Podfile.lock\" \"${PODS_ROOT}/Manifest.lock\" > /dev/null\nif [ $? != 0 ] ; then\n    # print error to STDERR\n    echo \"error: The sandbox is not in sync with the Podfile.lock. Run 'pod install' or update your CocoaPods installation.\" >&2\n    exit 1\nfi\n# This output is used by Xcode 'outputs' to avoid re-running this script phase.\necho \"SUCCESS\" > \"${SCRIPT_OUTPUT_FILE_0}\"\n";
			showEnvVarsInLog = 0;
		};
/* End PBXShellScriptBuildPhase section */

/* Begin PBXSourcesBuildPhase section */
		44B7DE6F230E61490075EB4C /* Sources */ = {
			isa = PBXSourcesBuildPhase;
			buildActionMask = 2147483647;
			files = (
				44B7DEB2230E84540075EB4C /* FLPNewViewController.m in Sources */,
				444E693A230FC98E00EE32E4 /* UIBarButtonItem+Item.m in Sources */,
				444E6944230FF9EA00EE32E4 /* FLPSettingViewController.m in Sources */,
				44B7DEA8230E7A350075EB4C /* AppDelegate.m in Sources */,
				44B7DEC5230E9AD70075EB4C /* FLPTabBarController.m in Sources */,
				440573522310CEB900F4A258 /* FLPADViewController.m in Sources */,
				44B7DEBE230E873A0075EB4C /* FLPMeViewController.m in Sources */,
				44B7DEAB230E84180075EB4C /* FLPEssenceViewController.m in Sources */,
				44B7DEB5230E84620075EB4C /* FLPPublicViewController.m in Sources */,
				444E6941230FE8D700EE32E4 /* FLPNavigationController.m in Sources */,
				44B7DEC9230EA1860075EB4C /* UIImage+FLPImage.m in Sources */,
				44B7DEA7230E7A350075EB4C /* main.m in Sources */,
				444E6933230F94CD00EE32E4 /* FLPTabBar.m in Sources */,
				44B7DEB8230E846C0075EB4C /* FLPFriendTrendsViewController.m in Sources */,
				444E6936230FBBCE00EE32E4 /* UIView+Frame.m in Sources */,
			);
			runOnlyForDeploymentPostprocessing = 0;
		};
/* End PBXSourcesBuildPhase section */

/* Begin PBXVariantGroup section */
		44B7DE81230E614B0075EB4C /* LaunchScreen.storyboard */ = {
			isa = PBXVariantGroup;
			children = (
				44B7DE82230E614B0075EB4C /* Base */,
			);
			name = LaunchScreen.storyboard;
			sourceTree = "<group>";
		};
/* End PBXVariantGroup section */

/* Begin XCBuildConfiguration section */
		44B7DE87230E614B0075EB4C /* Debug */ = {
			isa = XCBuildConfiguration;
			buildSettings = {
				ALWAYS_SEARCH_USER_PATHS = NO;
				CLANG_ANALYZER_NONNULL = YES;
				CLANG_ANALYZER_NUMBER_OBJECT_CONVERSION = YES_AGGRESSIVE;
				CLANG_CXX_LANGUAGE_STANDARD = "gnu++14";
				CLANG_CXX_LIBRARY = "libc++";
				CLANG_ENABLE_MODULES = YES;
				CLANG_ENABLE_OBJC_ARC = YES;
				CLANG_ENABLE_OBJC_WEAK = YES;
				CLANG_WARN_BLOCK_CAPTURE_AUTORELEASING = YES;
				CLANG_WARN_BOOL_CONVERSION = YES;
				CLANG_WARN_COMMA = YES;
				CLANG_WARN_CONSTANT_CONVERSION = YES;
				CLANG_WARN_DEPRECATED_OBJC_IMPLEMENTATIONS = YES;
				CLANG_WARN_DIRECT_OBJC_ISA_USAGE = YES_ERROR;
				CLANG_WARN_DOCUMENTATION_COMMENTS = YES;
				CLANG_WARN_EMPTY_BODY = YES;
				CLANG_WARN_ENUM_CONVERSION = YES;
				CLANG_WARN_INFINITE_RECURSION = YES;
				CLANG_WARN_INT_CONVERSION = YES;
				CLANG_WARN_NON_LITERAL_NULL_CONVERSION = YES;
				CLANG_WARN_OBJC_IMPLICIT_RETAIN_SELF = YES;
				CLANG_WARN_OBJC_LITERAL_CONVERSION = YES;
				CLANG_WARN_OBJC_ROOT_CLASS = YES_ERROR;
				CLANG_WARN_RANGE_LOOP_ANALYSIS = YES;
				CLANG_WARN_STRICT_PROTOTYPES = YES;
				CLANG_WARN_SUSPICIOUS_MOVE = YES;
				CLANG_WARN_UNGUARDED_AVAILABILITY = YES_AGGRESSIVE;
				CLANG_WARN_UNREACHABLE_CODE = YES;
				CLANG_WARN__DUPLICATE_METHOD_MATCH = YES;
				CODE_SIGN_IDENTITY = "iPhone Developer";
				COPY_PHASE_STRIP = NO;
				DEBUG_INFORMATION_FORMAT = dwarf;
				ENABLE_STRICT_OBJC_MSGSEND = YES;
				ENABLE_TESTABILITY = YES;
				GCC_C_LANGUAGE_STANDARD = gnu11;
				GCC_DYNAMIC_NO_PIC = NO;
				GCC_NO_COMMON_BLOCKS = YES;
				GCC_OPTIMIZATION_LEVEL = 0;
				GCC_PREPROCESSOR_DEFINITIONS = (
					"DEBUG=1",
					"$(inherited)",
				);
				GCC_WARN_64_TO_32_BIT_CONVERSION = YES;
				GCC_WARN_ABOUT_RETURN_TYPE = YES_ERROR;
				GCC_WARN_UNDECLARED_SELECTOR = YES;
				GCC_WARN_UNINITIALIZED_AUTOS = YES_AGGRESSIVE;
				GCC_WARN_UNUSED_FUNCTION = YES;
				GCC_WARN_UNUSED_VARIABLE = YES;
				IPHONEOS_DEPLOYMENT_TARGET = 12.4;
				MTL_ENABLE_DEBUG_INFO = INCLUDE_SOURCE;
				MTL_FAST_MATH = YES;
				ONLY_ACTIVE_ARCH = YES;
				SDKROOT = iphoneos;
			};
			name = Debug;
		};
		44B7DE88230E614B0075EB4C /* Release */ = {
			isa = XCBuildConfiguration;
			buildSettings = {
				ALWAYS_SEARCH_USER_PATHS = NO;
				CLANG_ANALYZER_NONNULL = YES;
				CLANG_ANALYZER_NUMBER_OBJECT_CONVERSION = YES_AGGRESSIVE;
				CLANG_CXX_LANGUAGE_STANDARD = "gnu++14";
				CLANG_CXX_LIBRARY = "libc++";
				CLANG_ENABLE_MODULES = YES;
				CLANG_ENABLE_OBJC_ARC = YES;
				CLANG_ENABLE_OBJC_WEAK = YES;
				CLANG_WARN_BLOCK_CAPTURE_AUTORELEASING = YES;
				CLANG_WARN_BOOL_CONVERSION = YES;
				CLANG_WARN_COMMA = YES;
				CLANG_WARN_CONSTANT_CONVERSION = YES;
				CLANG_WARN_DEPRECATED_OBJC_IMPLEMENTATIONS = YES;
				CLANG_WARN_DIRECT_OBJC_ISA_USAGE = YES_ERROR;
				CLANG_WARN_DOCUMENTATION_COMMENTS = YES;
				CLANG_WARN_EMPTY_BODY = YES;
				CLANG_WARN_ENUM_CONVERSION = YES;
				CLANG_WARN_INFINITE_RECURSION = YES;
				CLANG_WARN_INT_CONVERSION = YES;
				CLANG_WARN_NON_LITERAL_NULL_CONVERSION = YES;
				CLANG_WARN_OBJC_IMPLICIT_RETAIN_SELF = YES;
				CLANG_WARN_OBJC_LITERAL_CONVERSION = YES;
				CLANG_WARN_OBJC_ROOT_CLASS = YES_ERROR;
				CLANG_WARN_RANGE_LOOP_ANALYSIS = YES;
				CLANG_WARN_STRICT_PROTOTYPES = YES;
				CLANG_WARN_SUSPICIOUS_MOVE = YES;
				CLANG_WARN_UNGUARDED_AVAILABILITY = YES_AGGRESSIVE;
				CLANG_WARN_UNREACHABLE_CODE = YES;
				CLANG_WARN__DUPLICATE_METHOD_MATCH = YES;
				CODE_SIGN_IDENTITY = "iPhone Developer";
				COPY_PHASE_STRIP = NO;
				DEBUG_INFORMATION_FORMAT = "dwarf-with-dsym";
				ENABLE_NS_ASSERTIONS = NO;
				ENABLE_STRICT_OBJC_MSGSEND = YES;
				GCC_C_LANGUAGE_STANDARD = gnu11;
				GCC_NO_COMMON_BLOCKS = YES;
				GCC_WARN_64_TO_32_BIT_CONVERSION = YES;
				GCC_WARN_ABOUT_RETURN_TYPE = YES_ERROR;
				GCC_WARN_UNDECLARED_SELECTOR = YES;
				GCC_WARN_UNINITIALIZED_AUTOS = YES_AGGRESSIVE;
				GCC_WARN_UNUSED_FUNCTION = YES;
				GCC_WARN_UNUSED_VARIABLE = YES;
				IPHONEOS_DEPLOYMENT_TARGET = 12.4;
				MTL_ENABLE_DEBUG_INFO = NO;
				MTL_FAST_MATH = YES;
				SDKROOT = iphoneos;
				VALIDATE_PRODUCT = YES;
			};
			name = Release;
		};
		44B7DE8A230E614B0075EB4C /* Debug */ = {
			isa = XCBuildConfiguration;
			baseConfigurationReference = C37A1C82E42293138ABEEF5A /* Pods-BuDeJie.debug.xcconfig */;
			buildSettings = {
				ASSETCATALOG_COMPILER_APPICON_NAME = AppIcon;
				CODE_SIGN_IDENTITY = "iPhone Developer";
				CODE_SIGN_STYLE = Automatic;
				DEVELOPMENT_TEAM = 8X2UKLYYY5;
				GCC_PREFIX_HEADER = BuDeJie/Classes/Other/BuDeJie.pch;
				INFOPLIST_FILE = BuDeJie/Info.plist;
				IPHONEOS_DEPLOYMENT_TARGET = 9.0;
				LD_RUNPATH_SEARCH_PATHS = (
					"$(inherited)",
					"@executable_path/Frameworks",
				);
				PRODUCT_BUNDLE_IDENTIFIER = com.newstanding.BuDeJie;
				PRODUCT_NAME = "$(TARGET_NAME)";
				PROVISIONING_PROFILE_SPECIFIER = "";
				TARGETED_DEVICE_FAMILY = 1;
			};
			name = Debug;
		};
		44B7DE8B230E614B0075EB4C /* Release */ = {
			isa = XCBuildConfiguration;
			baseConfigurationReference = 31A60B3411179F9E23B18949 /* Pods-BuDeJie.release.xcconfig */;
			buildSettings = {
				ASSETCATALOG_COMPILER_APPICON_NAME = AppIcon;
				CODE_SIGN_IDENTITY = "iPhone Developer";
				CODE_SIGN_STYLE = Automatic;
				DEVELOPMENT_TEAM = 8X2UKLYYY5;
				GCC_PREFIX_HEADER = BuDeJie/Classes/Other/BuDeJie.pch;
				INFOPLIST_FILE = BuDeJie/Info.plist;
				IPHONEOS_DEPLOYMENT_TARGET = 9.0;
				LD_RUNPATH_SEARCH_PATHS = (
					"$(inherited)",
					"@executable_path/Frameworks",
				);
				PRODUCT_BUNDLE_IDENTIFIER = com.newstanding.BuDeJie;
				PRODUCT_NAME = "$(TARGET_NAME)";
				PROVISIONING_PROFILE_SPECIFIER = "";
				TARGETED_DEVICE_FAMILY = 1;
			};
			name = Release;
		};
/* End XCBuildConfiguration section */

/* Begin XCConfigurationList section */
		44B7DE6E230E61490075EB4C /* Build configuration list for PBXProject "BuDeJie" */ = {
			isa = XCConfigurationList;
			buildConfigurations = (
				44B7DE87230E614B0075EB4C /* Debug */,
				44B7DE88230E614B0075EB4C /* Release */,
			);
			defaultConfigurationIsVisible = 0;
			defaultConfigurationName = Release;
		};
		44B7DE89230E614B0075EB4C /* Build configuration list for PBXNativeTarget "BuDeJie" */ = {
			isa = XCConfigurationList;
			buildConfigurations = (
				44B7DE8A230E614B0075EB4C /* Debug */,
				44B7DE8B230E614B0075EB4C /* Release */,
			);
			defaultConfigurationIsVisible = 0;
			defaultConfigurationName = Release;
		};
/* End XCConfigurationList section */
	};
	rootObject = 44B7DE6B230E61490075EB4C /* Project object */;
}
